// !$*UTF8*$!
{
	archiveVersion = 1;
	classes = {
	};
	objectVersion = 46;
	objects = {

/* Begin PBXBuildFile section */
		1E394DE31A3298B000F9CC66 /* main.m in Sources */ = {isa = PBXBuildFile; fileRef = 1E394DE21A3298B000F9CC66 /* main.m */; };
		1E394DE61A3298B000F9CC66 /* AppDelegate.m in Sources */ = {isa = PBXBuildFile; fileRef = 1E394DE51A3298B000F9CC66 /* AppDelegate.m */; };
		1E394DE91A3298B000F9CC66 /* ViewController.m in Sources */ = {isa = PBXBuildFile; fileRef = 1E394DE81A3298B000F9CC66 /* ViewController.m */; };
		1E394DEC1A3298B000F9CC66 /* Main.storyboard in Resources */ = {isa = PBXBuildFile; fileRef = 1E394DEA1A3298B000F9CC66 /* Main.storyboard */; };
		1E394DEE1A3298B000F9CC66 /* Images.xcassets in Resources */ = {isa = PBXBuildFile; fileRef = 1E394DED1A3298B000F9CC66 /* Images.xcassets */; };
		1E394DF11A3298B000F9CC66 /* LaunchScreen.xib in Resources */ = {isa = PBXBuildFile; fileRef = 1E394DEF1A3298B000F9CC66 /* LaunchScreen.xib */; };
		1E394DFD1A3298B100F9CC66 /* ExampleTests.m in Sources */ = {isa = PBXBuildFile; fileRef = 1E394DFC1A3298B100F9CC66 /* ExampleTests.m */; };
		1E394E081A3299B600F9CC66 /* JSEventAPI.m in Sources */ = {isa = PBXBuildFile; fileRef = 1E394E071A3299B600F9CC66 /* JSEventAPI.m */; };
		1E394E0B1A3299CD00F9CC66 /* JSCurrentLocation.m in Sources */ = {isa = PBXBuildFile; fileRef = 1E394E0A1A3299CD00F9CC66 /* JSCurrentLocation.m */; };
		1E394E0E1A32A47700F9CC66 /* JSEventObject.m in Sources */ = {isa = PBXBuildFile; fileRef = 1E394E0D1A32A47700F9CC66 /* JSEventObject.m */; };
		1E394E141A32A7F100F9CC66 /* JSPerformerObject.m in Sources */ = {isa = PBXBuildFile; fileRef = 1E394E131A32A7F100F9CC66 /* JSPerformerObject.m */; };
		1E394E191A32E19800F9CC66 /* JSEventAPIConstants.m in Sources */ = {isa = PBXBuildFile; fileRef = 1E394E181A32E19800F9CC66 /* JSEventAPIConstants.m */; };
		1E394E1D1A34077100F9CC66 /* JSVenueObject.m in Sources */ = {isa = PBXBuildFile; fileRef = 1E394E1C1A34077100F9CC66 /* JSVenueObject.m */; };
		1E394E201A34086B00F9CC66 /* JSDemandsObject.m in Sources */ = {isa = PBXBuildFile; fileRef = 1E394E1F1A34086B00F9CC66 /* JSDemandsObject.m */; };
/* End PBXBuildFile section */

/* Begin PBXContainerItemProxy section */
		1E394DF71A3298B000F9CC66 /* PBXContainerItemProxy */ = {
			isa = PBXContainerItemProxy;
			containerPortal = 1E394DD51A3298B000F9CC66 /* Project object */;
			proxyType = 1;
			remoteGlobalIDString = 1E394DDC1A3298B000F9CC66;
			remoteInfo = Example;
		};
/* End PBXContainerItemProxy section */

/* Begin PBXFileReference section */
		1E394DDD1A3298B000F9CC66 /* Example.app */ = {isa = PBXFileReference; explicitFileType = wrapper.application; includeInIndex = 0; path = Example.app; sourceTree = BUILT_PRODUCTS_DIR; };
		1E394DE11A3298B000F9CC66 /* Info.plist */ = {isa = PBXFileReference; lastKnownFileType = text.plist.xml; path = Info.plist; sourceTree = "<group>"; };
		1E394DE21A3298B000F9CC66 /* main.m */ = {isa = PBXFileReference; lastKnownFileType = sourcecode.c.objc; path = main.m; sourceTree = "<group>"; };
		1E394DE41A3298B000F9CC66 /* AppDelegate.h */ = {isa = PBXFileReference; lastKnownFileType = sourcecode.c.h; path = AppDelegate.h; sourceTree = "<group>"; };
		1E394DE51A3298B000F9CC66 /* AppDelegate.m */ = {isa = PBXFileReference; lastKnownFileType = sourcecode.c.objc; path = AppDelegate.m; sourceTree = "<group>"; };
		1E394DE71A3298B000F9CC66 /* ViewController.h */ = {isa = PBXFileReference; lastKnownFileType = sourcecode.c.h; path = ViewController.h; sourceTree = "<group>"; };
		1E394DE81A3298B000F9CC66 /* ViewController.m */ = {isa = PBXFileReference; lastKnownFileType = sourcecode.c.objc; path = ViewController.m; sourceTree = "<group>"; };
		1E394DEB1A3298B000F9CC66 /* Base */ = {isa = PBXFileReference; lastKnownFileType = file.storyboard; name = Base; path = Base.lproj/Main.storyboard; sourceTree = "<group>"; };
		1E394DED1A3298B000F9CC66 /* Images.xcassets */ = {isa = PBXFileReference; lastKnownFileType = folder.assetcatalog; path = Images.xcassets; sourceTree = "<group>"; };
		1E394DF01A3298B000F9CC66 /* Base */ = {isa = PBXFileReference; lastKnownFileType = file.xib; name = Base; path = Base.lproj/LaunchScreen.xib; sourceTree = "<group>"; };
		1E394DF61A3298B000F9CC66 /* ExampleTests.xctest */ = {isa = PBXFileReference; explicitFileType = wrapper.cfbundle; includeInIndex = 0; path = ExampleTests.xctest; sourceTree = BUILT_PRODUCTS_DIR; };
		1E394DFB1A3298B000F9CC66 /* Info.plist */ = {isa = PBXFileReference; lastKnownFileType = text.plist.xml; path = Info.plist; sourceTree = "<group>"; };
		1E394DFC1A3298B100F9CC66 /* ExampleTests.m */ = {isa = PBXFileReference; lastKnownFileType = sourcecode.c.objc; path = ExampleTests.m; sourceTree = "<group>"; };
		1E394E061A3299B600F9CC66 /* JSEventAPI.h */ = {isa = PBXFileReference; fileEncoding = 4; lastKnownFileType = sourcecode.c.h; path = JSEventAPI.h; sourceTree = "<group>"; };
		1E394E071A3299B600F9CC66 /* JSEventAPI.m */ = {isa = PBXFileReference; fileEncoding = 4; lastKnownFileType = sourcecode.c.objc; path = JSEventAPI.m; sourceTree = "<group>"; };
		1E394E091A3299CC00F9CC66 /* JSCurrentLocation.h */ = {isa = PBXFileReference; fileEncoding = 4; lastKnownFileType = sourcecode.c.h; path = JSCurrentLocation.h; sourceTree = "<group>"; };
		1E394E0A1A3299CD00F9CC66 /* JSCurrentLocation.m */ = {isa = PBXFileReference; fileEncoding = 4; lastKnownFileType = sourcecode.c.objc; path = JSCurrentLocation.m; sourceTree = "<group>"; };
		1E394E0C1A32A47700F9CC66 /* JSEventObject.h */ = {isa = PBXFileReference; fileEncoding = 4; lastKnownFileType = sourcecode.c.h; path = JSEventObject.h; sourceTree = "<group>"; };
		1E394E0D1A32A47700F9CC66 /* JSEventObject.m */ = {isa = PBXFileReference; fileEncoding = 4; lastKnownFileType = sourcecode.c.objc; path = JSEventObject.m; sourceTree = "<group>"; };
		1E394E121A32A7F100F9CC66 /* JSPerformerObject.h */ = {isa = PBXFileReference; fileEncoding = 4; lastKnownFileType = sourcecode.c.h; path = JSPerformerObject.h; sourceTree = "<group>"; };
		1E394E131A32A7F100F9CC66 /* JSPerformerObject.m */ = {isa = PBXFileReference; fileEncoding = 4; lastKnownFileType = sourcecode.c.objc; path = JSPerformerObject.m; sourceTree = "<group>"; };
		1E394E171A32E19800F9CC66 /* JSEventAPIConstants.h */ = {isa = PBXFileReference; fileEncoding = 4; lastKnownFileType = sourcecode.c.h; path = JSEventAPIConstants.h; sourceTree = "<group>"; };
		1E394E181A32E19800F9CC66 /* JSEventAPIConstants.m */ = {isa = PBXFileReference; fileEncoding = 4; lastKnownFileType = sourcecode.c.objc; path = JSEventAPIConstants.m; sourceTree = "<group>"; };
		1E394E1B1A34077100F9CC66 /* JSVenueObject.h */ = {isa = PBXFileReference; fileEncoding = 4; lastKnownFileType = sourcecode.c.h; path = JSVenueObject.h; sourceTree = "<group>"; };
		1E394E1C1A34077100F9CC66 /* JSVenueObject.m */ = {isa = PBXFileReference; fileEncoding = 4; lastKnownFileType = sourcecode.c.objc; path = JSVenueObject.m; sourceTree = "<group>"; };
		1E394E1E1A34086B00F9CC66 /* JSDemandsObject.h */ = {isa = PBXFileReference; fileEncoding = 4; lastKnownFileType = sourcecode.c.h; path = JSDemandsObject.h; sourceTree = "<group>"; };
		1E394E1F1A34086B00F9CC66 /* JSDemandsObject.m */ = {isa = PBXFileReference; fileEncoding = 4; lastKnownFileType = sourcecode.c.objc; path = JSDemandsObject.m; sourceTree = "<group>"; };
/* End PBXFileReference section */

/* Begin PBXFrameworksBuildPhase section */
		1E394DDA1A3298B000F9CC66 /* Frameworks */ = {
			isa = PBXFrameworksBuildPhase;
			buildActionMask = 2147483647;
			files = (
			);
			runOnlyForDeploymentPostprocessing = 0;
		};
		1E394DF31A3298B000F9CC66 /* Frameworks */ = {
			isa = PBXFrameworksBuildPhase;
			buildActionMask = 2147483647;
			files = (
			);
			runOnlyForDeploymentPostprocessing = 0;
		};
/* End PBXFrameworksBuildPhase section */

/* Begin PBXGroup section */
		1E394DD41A3298B000F9CC66 = {
			isa = PBXGroup;
			children = (
				1E394DDF1A3298B000F9CC66 /* Example */,
				1E394DF91A3298B000F9CC66 /* ExampleTests */,
				1E394DDE1A3298B000F9CC66 /* Products */,
			);
			sourceTree = "<group>";
		};
		1E394DDE1A3298B000F9CC66 /* Products */ = {
			isa = PBXGroup;
			children = (
				1E394DDD1A3298B000F9CC66 /* Example.app */,
				1E394DF61A3298B000F9CC66 /* ExampleTests.xctest */,
			);
			name = Products;
			sourceTree = "<group>";
		};
		1E394DDF1A3298B000F9CC66 /* Example */ = {
			isa = PBXGroup;
			children = (
				1E394DE41A3298B000F9CC66 /* AppDelegate.h */,
				1E394DE51A3298B000F9CC66 /* AppDelegate.m */,
				1E394DE71A3298B000F9CC66 /* ViewController.h */,
				1E394DE81A3298B000F9CC66 /* ViewController.m */,
				1E394E1A1A32FCFC00F9CC66 /* JSEventAPI */,
				1E394DEA1A3298B000F9CC66 /* Main.storyboard */,
				1E394DED1A3298B000F9CC66 /* Images.xcassets */,
				1E394DEF1A3298B000F9CC66 /* LaunchScreen.xib */,
				1E394DE01A3298B000F9CC66 /* Supporting Files */,
			);
			path = Example;
			sourceTree = "<group>";
		};
		1E394DE01A3298B000F9CC66 /* Supporting Files */ = {
			isa = PBXGroup;
			children = (
				1E394DE11A3298B000F9CC66 /* Info.plist */,
				1E394DE21A3298B000F9CC66 /* main.m */,
			);
			name = "Supporting Files";
			sourceTree = "<group>";
		};
		1E394DF91A3298B000F9CC66 /* ExampleTests */ = {
			isa = PBXGroup;
			children = (
				1E394DFC1A3298B100F9CC66 /* ExampleTests.m */,
				1E394DFA1A3298B000F9CC66 /* Supporting Files */,
			);
			path = ExampleTests;
			sourceTree = "<group>";
		};
		1E394DFA1A3298B000F9CC66 /* Supporting Files */ = {
			isa = PBXGroup;
			children = (
				1E394DFB1A3298B000F9CC66 /* Info.plist */,
			);
			name = "Supporting Files";
			sourceTree = "<group>";
		};
		1E394E1A1A32FCFC00F9CC66 /* JSEventAPI */ = {
			isa = PBXGroup;
			children = (
				1E394E061A3299B600F9CC66 /* JSEventAPI.h */,
				1E394E071A3299B600F9CC66 /* JSEventAPI.m */,
				1E394E171A32E19800F9CC66 /* JSEventAPIConstants.h */,
				1E394E181A32E19800F9CC66 /* JSEventAPIConstants.m */,
				1E394E091A3299CC00F9CC66 /* JSCurrentLocation.h */,
				1E394E0A1A3299CD00F9CC66 /* JSCurrentLocation.m */,
				1E394E241A358D2800F9CC66 /* Models */,
			);
			name = JSEventAPI;
			sourceTree = "<group>";
		};
		1E394E241A358D2800F9CC66 /* Models */ = {
			isa = PBXGroup;
			children = (
				1E394E0C1A32A47700F9CC66 /* JSEventObject.h */,
				1E394E0D1A32A47700F9CC66 /* JSEventObject.m */,
				1E394E1B1A34077100F9CC66 /* JSVenueObject.h */,
				1E394E1C1A34077100F9CC66 /* JSVenueObject.m */,
				1E394E121A32A7F100F9CC66 /* JSPerformerObject.h */,
				1E394E131A32A7F100F9CC66 /* JSPerformerObject.m */,
				1E394E1E1A34086B00F9CC66 /* JSDemandsObject.h */,
				1E394E1F1A34086B00F9CC66 /* JSDemandsObject.m */,
			);
			name = Models;
			sourceTree = "<group>";
		};
/* End PBXGroup section */

/* Begin PBXNativeTarget section */
		1E394DDC1A3298B000F9CC66 /* Example */ = {
			isa = PBXNativeTarget;
			buildConfigurationList = 1E394E001A3298B100F9CC66 /* Build configuration list for PBXNativeTarget "Example" */;
			buildPhases = (
				1E394DD91A3298B000F9CC66 /* Sources */,
				1E394DDA1A3298B000F9CC66 /* Frameworks */,
				1E394DDB1A3298B000F9CC66 /* Resources */,
			);
			buildRules = (
			);
			dependencies = (
			);
			name = Example;
			productName = Example;
			productReference = 1E394DDD1A3298B000F9CC66 /* Example.app */;
			productType = "com.apple.product-type.application";
		};
		1E394DF51A3298B000F9CC66 /* ExampleTests */ = {
			isa = PBXNativeTarget;
			buildConfigurationList = 1E394E031A3298B100F9CC66 /* Build configuration list for PBXNativeTarget "ExampleTests" */;
			buildPhases = (
				1E394DF21A3298B000F9CC66 /* Sources */,
				1E394DF31A3298B000F9CC66 /* Frameworks */,
				1E394DF41A3298B000F9CC66 /* Resources */,
			);
			buildRules = (
			);
			dependencies = (
				1E394DF81A3298B000F9CC66 /* PBXTargetDependency */,
			);
			name = ExampleTests;
			productName = ExampleTests;
			productReference = 1E394DF61A3298B000F9CC66 /* ExampleTests.xctest */;
			productType = "com.apple.product-type.bundle.unit-test";
		};
/* End PBXNativeTarget section */

/* Begin PBXProject section */
		1E394DD51A3298B000F9CC66 /* Project object */ = {
			isa = PBXProject;
			attributes = {
				LastUpgradeCheck = 0610;
				ORGANIZATIONNAME = "John Setting";
				TargetAttributes = {
					1E394DDC1A3298B000F9CC66 = {
						CreatedOnToolsVersion = 6.1;
					};
					1E394DF51A3298B000F9CC66 = {
						CreatedOnToolsVersion = 6.1;
						TestTargetID = 1E394DDC1A3298B000F9CC66;
					};
				};
			};
			buildConfigurationList = 1E394DD81A3298B000F9CC66 /* Build configuration list for PBXProject "Example" */;
			compatibilityVersion = "Xcode 3.2";
			developmentRegion = English;
			hasScannedForEncodings = 0;
			knownRegions = (
				en,
				Base,
			);
			mainGroup = 1E394DD41A3298B000F9CC66;
			productRefGroup = 1E394DDE1A3298B000F9CC66 /* Products */;
			projectDirPath = "";
			projectRoot = "";
			targets = (
				1E394DDC1A3298B000F9CC66 /* Example */,
				1E394DF51A3298B000F9CC66 /* ExampleTests */,
			);
		};
/* End PBXProject section */

/* Begin PBXResourcesBuildPhase section */
		1E394DDB1A3298B000F9CC66 /* Resources */ = {
			isa = PBXResourcesBuildPhase;
			buildActionMask = 2147483647;
			files = (
				1E394DEC1A3298B000F9CC66 /* Main.storyboard in Resources */,
				1E394DF11A3298B000F9CC66 /* LaunchScreen.xib in Resources */,
				1E394DEE1A3298B000F9CC66 /* Images.xcassets in Resources */,
			);
			runOnlyForDeploymentPostprocessing = 0;
		};
		1E394DF41A3298B000F9CC66 /* Resources */ = {
			isa = PBXResourcesBuildPhase;
			buildActionMask = 2147483647;
			files = (
			);
			runOnlyForDeploymentPostprocessing = 0;
		};
/* End PBXResourcesBuildPhase section */

/* Begin PBXSourcesBuildPhase section */
		1E394DD91A3298B000F9CC66 /* Sources */ = {
			isa = PBXSourcesBuildPhase;
			buildActionMask = 2147483647;
			files = (
				1E394E191A32E19800F9CC66 /* JSEventAPIConstants.m in Sources */,
				1E394E081A3299B600F9CC66 /* JSEventAPI.m in Sources */,
				1E394DE91A3298B000F9CC66 /* ViewController.m in Sources */,
				1E394E0E1A32A47700F9CC66 /* JSEventObject.m in Sources */,
				1E394DE61A3298B000F9CC66 /* AppDelegate.m in Sources */,
				1E394E141A32A7F100F9CC66 /* JSPerformerObject.m in Sources */,
				1E394E201A34086B00F9CC66 /* JSDemandsObject.m in Sources */,
				1E394E1D1A34077100F9CC66 /* JSVenueObject.m in Sources */,
				1E394E0B1A3299CD00F9CC66 /* JSCurrentLocation.m in Sources */,
				1E394DE31A3298B000F9CC66 /* main.m in Sources */,
			);
			runOnlyForDeploymentPostprocessing = 0;
		};
		1E394DF21A3298B000F9CC66 /* Sources */ = {
			isa = PBXSourcesBuildPhase;
			buildActionMask = 2147483647;
			files = (
				1E394DFD1A3298B100F9CC66 /* ExampleTests.m in Sources */,
			);
			runOnlyForDeploymentPostprocessing = 0;
		};
/* End PBXSourcesBuildPhase section */

/* Begin PBXTargetDependency section */
		1E394DF81A3298B000F9CC66 /* PBXTargetDependency */ = {
			isa = PBXTargetDependency;
			target = 1E394DDC1A3298B000F9CC66 /* Example */;
			targetProxy = 1E394DF71A3298B000F9CC66 /* PBXContainerItemProxy */;
		};
/* End PBXTargetDependency section */

/* Begin PBXVariantGroup section */
		1E394DEA1A3298B000F9CC66 /* Main.storyboard */ = {
			isa = PBXVariantGroup;
			children = (
				1E394DEB1A3298B000F9CC66 /* Base */,
			);
			name = Main.storyboard;
			sourceTree = "<group>";
		};
		1E394DEF1A3298B000F9CC66 /* LaunchScreen.xib */ = {
			isa = PBXVariantGroup;
			children = (
				1E394DF01A3298B000F9CC66 /* Base */,
			);
			name = LaunchScreen.xib;
			sourceTree = "<group>";
		};
/* End PBXVariantGroup section */

/* Begin XCBuildConfiguration section */
		1E394DFE1A3298B100F9CC66 /* Debug */ = {
			isa = XCBuildConfiguration;
			buildSettings = {
				ALWAYS_SEARCH_USER_PATHS = NO;
				CLANG_CXX_LANGUAGE_STANDARD = "gnu++0x";
				CLANG_CXX_LIBRARY = "libc++";
				CLANG_ENABLE_MODULES = YES;
				CLANG_ENABLE_OBJC_ARC = YES;
				CLANG_WARN_BOOL_CONVERSION = YES;
				CLANG_WARN_CONSTANT_CONVERSION = YES;
				CLANG_WARN_DIRECT_OBJC_ISA_USAGE = YES_ERROR;
				CLANG_WARN_EMPTY_BODY = YES;
				CLANG_WARN_ENUM_CONVERSION = YES;
				CLANG_WARN_INT_CONVERSION = YES;
				CLANG_WARN_OBJC_ROOT_CLASS = YES_ERROR;
				CLANG_WARN_UNREACHABLE_CODE = YES;
				CLANG_WARN__DUPLICATE_METHOD_MATCH = YES;
				"CODE_SIGN_IDENTITY[sdk=iphoneos*]" = "iPhone Developer";
				COPY_PHASE_STRIP = NO;
				ENABLE_STRICT_OBJC_MSGSEND = YES;
				GCC_C_LANGUAGE_STANDARD = gnu99;
				GCC_DYNAMIC_NO_PIC = NO;
				GCC_OPTIMIZATION_LEVEL = 0;
				GCC_PREPROCESSOR_DEFINITIONS = (
					"DEBUG=1",
					"$(inherited)",
				);
				GCC_SYMBOLS_PRIVATE_EXTERN = NO;
				GCC_WARN_64_TO_32_BIT_CONVERSION = YES;
				GCC_WARN_ABOUT_RETURN_TYPE = YES_ERROR;
				GCC_WARN_UNDECLARED_SELECTOR = YES;
				GCC_WARN_UNINITIALIZED_AUTOS = YES_AGGRESSIVE;
				GCC_WARN_UNUSED_FUNCTION = YES;
				GCC_WARN_UNUSED_VARIABLE = YES;
				IPHONEOS_DEPLOYMENT_TARGET = 8.1;
				MTL_ENABLE_DEBUG_INFO = YES;
				ONLY_ACTIVE_ARCH = YES;
				SDKROOT = iphoneos;
			};
			name = Debug;
		};
		1E394DFF1A3298B100F9CC66 /* Release */ = {
			isa = XCBuildConfiguration;
			buildSettings = {
				ALWAYS_SEARCH_USER_PATHS = NO;
				CLANG_CXX_LANGUAGE_STANDARD = "gnu++0x";
				CLANG_CXX_LIBRARY = "libc++";
				CLANG_ENABLE_MODULES = YES;
				CLANG_ENABLE_OBJC_ARC = YES;
				CLANG_WARN_BOOL_CONVERSION = YES;
				CLANG_WARN_CONSTANT_CONVERSION = YES;
				CLANG_WARN_DIRECT_OBJC_ISA_USAGE = YES_ERROR;
				CLANG_WARN_EMPTY_BODY = YES;
				CLANG_WARN_ENUM_CONVERSION = YES;
				CLANG_WARN_INT_CONVERSION = YES;
				CLANG_WARN_OBJC_ROOT_CLASS = YES_ERROR;
				CLANG_WARN_UNREACHABLE_CODE = YES;
				CLANG_WARN__DUPLICATE_METHOD_MATCH = YES;
				"CODE_SIGN_IDENTITY[sdk=iphoneos*]" = "iPhone Developer";
				COPY_PHASE_STRIP = YES;
				ENABLE_NS_ASSERTIONS = NO;
				ENABLE_STRICT_OBJC_MSGSEND = YES;
				GCC_C_LANGUAGE_STANDARD = gnu99;
				GCC_WARN_64_TO_32_BIT_CONVERSION = YES;
				GCC_WARN_ABOUT_RETURN_TYPE = YES_ERROR;
				GCC_WARN_UNDECLARED_SELECTOR = YES;
				GCC_WARN_UNINITIALIZED_AUTOS = YES_AGGRESSIVE;
				GCC_WARN_UNUSED_FUNCTION = YES;
				GCC_WARN_UNUSED_VARIABLE = YES;
				IPHONEOS_DEPLOYMENT_TARGET = 8.1;
				MTL_ENABLE_DEBUG_INFO = NO;
				SDKROOT = iphoneos;
				VALIDATE_PRODUCT = YES;
			};
			name = Release;
		};
		1E394E011A3298B100F9CC66 /* Debug */ = {
			isa = XCBuildConfiguration;
			buildSettings = {
				ASSETCATALOG_COMPILER_APPICON_NAME = AppIcon;
				INFOPLIST_FILE = Example/Info.plist;
				LD_RUNPATH_SEARCH_PATHS = "$(inherited) @executable_path/Frameworks";
				PRODUCT_NAME = "$(TARGET_NAME)";
			};
			name = Debug;
		};
		1E394E021A3298B100F9CC66 /* Release */ = {
			isa = XCBuildConfiguration;
			buildSettings = {
				ASSETCATALOG_COMPILER_APPICON_NAME = AppIcon;
				INFOPLIST_FILE = Example/Info.plist;
				LD_RUNPATH_SEARCH_PATHS = "$(inherited) @executable_path/Frameworks";
				PRODUCT_NAME = "$(TARGET_NAME)";
			};
			name = Release;
		};
		1E394E041A3298B100F9CC66 /* Debug */ = {
			isa = XCBuildConfiguration;
			buildSettings = {
				BUNDLE_LOADER = "$(TEST_HOST)";
				FRAMEWORK_SEARCH_PATHS = (
					"$(SDKROOT)/Developer/Library/Frameworks",
					"$(inherited)",
				);
				GCC_PREPROCESSOR_DEFINITIONS = (
					"DEBUG=1",
					"$(inherited)",
				);
				INFOPLIST_FILE = ExampleTests/Info.plist;
				LD_RUNPATH_SEARCH_PATHS = "$(inherited) @executable_path/Frameworks @loader_path/Frameworks";
				PRODUCT_NAME = "$(TARGET_NAME)";
				TEST_HOST = "$(BUILT_PRODUCTS_DIR)/Example.app/Example";
			};
			name = Debug;
		};
		1E394E051A3298B100F9CC66 /* Release */ = {
			isa = XCBuildConfiguration;
			buildSettings = {
				BUNDLE_LOADER = "$(TEST_HOST)";
				FRAMEWORK_SEARCH_PATHS = (
					"$(SDKROOT)/Developer/Library/Frameworks",
					"$(inherited)",
				);
				INFOPLIST_FILE = ExampleTests/Info.plist;
				LD_RUNPATH_SEARCH_PATHS = "$(inherited) @executable_path/Frameworks @loader_path/Frameworks";
				PRODUCT_NAME = "$(TARGET_NAME)";
				TEST_HOST = "$(BUILT_PRODUCTS_DIR)/Example.app/Example";
			};
			name = Release;
		};
/* End XCBuildConfiguration section */

/* Begin XCConfigurationList section */
		1E394DD81A3298B000F9CC66 /* Build configuration list for PBXProject "Example" */ = {
			isa = XCConfigurationList;
			buildConfigurations = (
				1E394DFE1A3298B100F9CC66 /* Debug */,
				1E394DFF1A3298B100F9CC66 /* Release */,
			);
			defaultConfigurationIsVisible = 0;
			defaultConfigurationName = Release;
		};
		1E394E001A3298B100F9CC66 /* Build configuration list for PBXNativeTarget "Example" */ = {
			isa = XCConfigurationList;
			buildConfigurations = (
				1E394E011A3298B100F9CC66 /* Debug */,
				1E394E021A3298B100F9CC66 /* Release */,
			);
			defaultConfigurationIsVisible = 0;
		};
		1E394E031A3298B100F9CC66 /* Build configuration list for PBXNativeTarget "ExampleTests" */ = {
			isa = XCConfigurationList;
			buildConfigurations = (
				1E394E041A3298B100F9CC66 /* Debug */,
				1E394E051A3298B100F9CC66 /* Release */,
			);
			defaultConfigurationIsVisible = 0;
		};
/* End XCConfigurationList section */
	};
	rootObject = 1E394DD51A3298B000F9CC66 /* Project object */;
}
